# This file was autogenerated by Stack.
# You should not edit this file by hand.
# For more information, please see the documentation at:
#   https://docs.haskellstack.org/en/stable/lock_files

packages:
- completed:
    hackage: network-udp-0.0.0@sha256:408d2d4fa1a25e49e95752ee124cca641993404bb133ae10fb81daef22d876ae,1075
    pantry-tree:
      sha256: ee19a66c9d420861c5cc1dfad3210e2a53cdc6088ff3dd90b44f7961f5caebee
      size: 284
  original:
    hackage: network-udp-0.0.0
- completed:
    hackage: network-3.2.0.0@sha256:25440c1bbd5772fdbbeec068f20138121131e1a56453db0adc113dcdf9044105,5372
    pantry-tree:
      sha256: a40c37219f26550c4ffedb2163f4f4e17a9d028dfda1a3f821d31193e6301f2a
      size: 3977
  original:
    hackage: network-3.2.0.0
- completed:
    hackage: apecs-0.9.6@sha256:983fe81336e2a3229c55de174f43c32d6b74a17f7fee6fbe2554bebffcd2d332,2164
    pantry-tree:
      sha256: 5ca68b6b11444a33dbd19b6419f4869f988b8441673d08e6e7a1a1a9470209a3
      size: 1202
  original:
    hackage: apecs-0.9.6
- completed:
    hackage: HDBC-2.4.0.4@sha256:6fc3406c7ccf709e303e03b009e0c7f6be0774d0095f190e1014786cc955d702,3080
    pantry-tree:
      sha256: 76ff462f23ec0f9250ea291f8536d53b9483c206fe69825c635e9afd0e23ac41
      size: 936
  original:
    hackage: HDBC-2.4.0.4
- completed:
    hackage: HDBC-sqlite3-2.3.3.1@sha256:5025fd94d02b9b3f0b8b8233796dd9a85a0b3dda6503c6e671e3eddbc51cb4d4,2424
    pantry-tree:
      sha256: 76e71f73502350ed3fe5fc64604a21a3c8027d49fe6846183d53dbdaf583437a
      size: 1427
  original:
    hackage: HDBC-sqlite3-2.3.3.1
- completed:
    hackage: OpenAL-1.7.0.5@sha256:cbc2a089b66705adc34d72eb3fb2c4bc757abb46d166e02ca27d7191aab3becc,3423
    pantry-tree:
      sha256: 1b6487ef70214655e78096d66450e689f04fbb2323cfc16769d60589ac3b5b92
      size: 2461
  original:
    hackage: OpenAL-1.7.0.5
- completed:
    hackage: sdl2-2.5.5.0@sha256:9d1125181e651518ea960738266e3cef98c0c4fa2d5f9c35e67f4b0f87fd1464,12695
    pantry-tree:
      sha256: edba7eb6774cf869abc597f518e0491473cfbee2a91bc7416e25b7447730b335
      size: 6641
  original:
    hackage: sdl2-2.5.5.0
- completed:
    hackage: conversion-1.2.1@sha256:8db4210950736e54be5cd7f7076c19e05d06fb48673eb23638093246a1e7199e,2155
    pantry-tree:
      sha256: f199f459ee8ab2ce5f41cb8199ca60a7ad4f7897a5c474e10126dff6035ca4e9
      size: 267
  original:
    hackage: conversion-1.2.1
- completed:
    hackage: GLUT-2.7.0.16@sha256:2ad7c698acbe1e45f8335ba55cc5bb86f74726c58129cb27c128a918f6b17c9f,24989
    pantry-tree:
      sha256: c649acd80cb41baba876a6e8cd5628b4aaac5202ea425a64ed0eb60c82b8315e
      size: 9538
  original:
    hackage: GLUT-2.7.0.16
- completed:
    hackage: mono-traversable-1.0.17.0@sha256:f62b52e93bb9ed1b9ff4e026993c18eed08ec202bc4d30aa7245279ac81c4174,2221
    pantry-tree:
      sha256: 713591cfd881b509a42c0e543712ebb42b2d760ecc713da867dd9d24ebb05d11
      size: 822
  original:
    hackage: mono-traversable-1.0.17.0
snapshots:
- completed:
    sha256: b146f371d1a90abbd2aeae1da10f776951046be50eae55a6fe93548a74fcc0dd
    size: 713338
    url: https://raw.githubusercontent.com/commercialhaskell/stackage-snapshots/master/lts/22/21.yaml
  original:
    url: https://raw.githubusercontent.com/commercialhaskell/stackage-snapshots/master/lts/22/21.yaml
